
Microsoft Visual Studio Solution File, Format Version 12.00
# Visual Studio Version 17
VisualStudioVersion = 17.6.33723.286
MinimumVisualStudioVersion = 10.0.40219.1
Project("{FAE04EC0-301F-11D3-BF4B-00C04F79EFBC}") = "MVC Agile App", "MVC Agile App\MVC Agile App.csproj", "{AF3FDE8A-1538-4C34-A190-EF53C18BC1CF}"
EndProject
Global
	GlobalSection(SolutionConfigurationPlatforms) = preSolution
		Debug|Any CPU = Debug|Any CPU
		Release|Any CPU = Release|Any CPU
	EndGlobalSection
	GlobalSection(ProjectConfigurationPlatforms) = postSolution
		{AF3FDE8A-1538-4C34-A190-EF53C18BC1CF}.Debug|Any CPU.ActiveCfg = Debug|Any CPU
		{AF3FDE8A-1538-4C34-A190-EF53C18BC1CF}.Debug|Any CPU.Build.0 = Debug|Any CPU
		{AF3FDE8A-1538-4C34-A190-EF53C18BC1CF}.Release|Any CPU.ActiveCfg = Release|Any CPU
		{AF3FDE8A-1538-4C34-A190-EF53C18BC1CF}.Release|Any CPU.Build.0 = Release|Any CPU
	EndGlobalSection
	GlobalSection(SolutionProperties) = preSolution
		HideSolutionNode = FALSE
	EndGlobalSection
	GlobalSection(ExtensibilityGlobals) = postSolution
		SolutionGuid = {8C2B26BE-2225-483D-8FAD-F8957EB83F00}
	EndGlobalSection
EndGlobal
